
Microsoft Visual Studio Solution File, Format Version 12.00
# Visual Studio Version 16
VisualStudioVersion = 16.0.29926.136
MinimumVisualStudioVersion = 10.0.40219.1
Project("{9A19103F-16F7-4668-BE54-9A1E7A4F7556}") = "blazor-web", "blazor-web.csproj", "{D527A4DF-F1D6-4471-8B84-97099E1F709E}"
EndProject
Project("{9A19103F-16F7-4668-BE54-9A1E7A4F7556}") = "TODOAPI", "..\TODOAPI\TODOAPI.csproj", "{F7D9797C-06CE-4565-9750-5CEA46BA266C}"
EndProject
Project("{FAE04EC0-301F-11D3-BF4B-00C04F79EFBC}") = "ToDoLibrary", "..\ToDoLibrary\ToDoLibrary.csproj", "{08E866E8-A60E-41BC-941D-331F491364FE}"
EndProject
Global
	GlobalSection(SolutionConfigurationPlatforms) = preSolution
		Debug|Any CPU = Debug|Any CPU
		Release|Any CPU = Release|Any CPU
	EndGlobalSection
	GlobalSection(ProjectConfigurationPlatforms) = postSolution
		{D527A4DF-F1D6-4471-8B84-97099E1F709E}.Debug|Any CPU.ActiveCfg = Debug|Any CPU
		{D527A4DF-F1D6-4471-8B84-97099E1F709E}.Debug|Any CPU.Build.0 = Debug|Any CPU
		{D527A4DF-F1D6-4471-8B84-97099E1F709E}.Release|Any CPU.ActiveCfg = Release|Any CPU
		{D527A4DF-F1D6-4471-8B84-97099E1F709E}.Release|Any CPU.Build.0 = Release|Any CPU
		{F7D9797C-06CE-4565-9750-5CEA46BA266C}.Debug|Any CPU.ActiveCfg = Debug|Any CPU
		{F7D9797C-06CE-4565-9750-5CEA46BA266C}.Debug|Any CPU.Build.0 = Debug|Any CPU
		{F7D9797C-06CE-4565-9750-5CEA46BA266C}.Release|Any CPU.ActiveCfg = Release|Any CPU
		{F7D9797C-06CE-4565-9750-5CEA46BA266C}.Release|Any CPU.Build.0 = Release|Any CPU
		{08E866E8-A60E-41BC-941D-331F491364FE}.Debug|Any CPU.ActiveCfg = Debug|Any CPU
		{08E866E8-A60E-41BC-941D-331F491364FE}.Debug|Any CPU.Build.0 = Debug|Any CPU
		{08E866E8-A60E-41BC-941D-331F491364FE}.Release|Any CPU.ActiveCfg = Release|Any CPU
		{08E866E8-A60E-41BC-941D-331F491364FE}.Release|Any CPU.Build.0 = Release|Any CPU
	EndGlobalSection
	GlobalSection(SolutionProperties) = preSolution
		HideSolutionNode = FALSE
	EndGlobalSection
	GlobalSection(ExtensibilityGlobals) = postSolution
		SolutionGuid = {77D5D662-9FC2-48D1-B1BF-60B07A2C1F2E}
	EndGlobalSection
EndGlobal
